{
  "name": "node24",
  "lockfileVersion": 3,
  "requires": true,
  "packages": {
    "": {
      "dependencies": {
        "@12luckydev/utils": "file:../12luckydev-utils-e2e.tgz"
      }
    },
    "node_modules/@12luckydev/utils": {
      "version": "3.0.1",
      "resolved": "file:../12luckydev-utils-e2e.tgz",
      "integrity": "sha512-1jfmTan1l8cBy7tjnBz5imjDyq4NIBAVaSoWswuYeeMmrqGaG+yAHq5rF1LIWS3uvV/H4Cb58arHfEbiZG9WYg==",
      "license": "MIT",
      "engines": {
        "node": ">=14"
      }
    }
  }
}
